
Microsoft Visual Studio Solution File, Format Version 12.00
# Visual Studio Version 17
VisualStudioVersion = 17.0.32014.148
MinimumVisualStudioVersion = 10.0.40219.1
Project("{FAE04EC0-301F-11D3-BF4B-00C04F79EFBC}") = "Priority-queues", "Priority-queues\Priority-queues.csproj", "{580E2897-BF52-49B2-96F2-1521298DB506}"
EndProject
Global
	GlobalSection(SolutionConfigurationPlatforms) = preSolution
		Debug|Any CPU = Debug|Any CPU
		Release|Any CPU = Release|Any CPU
	EndGlobalSection
	GlobalSection(ProjectConfigurationPlatforms) = postSolution
		{580E2897-BF52-49B2-96F2-1521298DB506}.Debug|Any CPU.ActiveCfg = Debug|Any CPU
		{580E2897-BF52-49B2-96F2-1521298DB506}.Debug|Any CPU.Build.0 = Debug|Any CPU
		{580E2897-BF52-49B2-96F2-1521298DB506}.Release|Any CPU.ActiveCfg = Release|Any CPU
		{580E2897-BF52-49B2-96F2-1521298DB506}.Release|Any CPU.Build.0 = Release|Any CPU
	EndGlobalSection
	GlobalSection(SolutionProperties) = preSolution
		HideSolutionNode = FALSE
	EndGlobalSection
	GlobalSection(ExtensibilityGlobals) = postSolution
		SolutionGuid = {FB3971FE-2FE8-4611-852D-77100156C16B}
	EndGlobalSection
EndGlobal
